// !$*UTF8*$!
{
	archiveVersion = 1;
	classes = {
	};
	objectVersion = 55;
	objects = {

/* Begin PBXBuildFile section */
		BEE17AA028D2845100637152 /* AppDelegate.swift in Sources */ = {isa = PBXBuildFile; fileRef = BEE17A9F28D2845100637152 /* AppDelegate.swift */; };
		BEE17AA228D2845100637152 /* SceneDelegate.swift in Sources */ = {isa = PBXBuildFile; fileRef = BEE17AA128D2845100637152 /* SceneDelegate.swift */; };
		BEE17AA428D2845100637152 /* ViewController.swift in Sources */ = {isa = PBXBuildFile; fileRef = BEE17AA328D2845100637152 /* ViewController.swift */; };
		BEE17AA728D2845100637152 /* Main.storyboard in Resources */ = {isa = PBXBuildFile; fileRef = BEE17AA528D2845100637152 /* Main.storyboard */; };
		BEE17AA928D2845200637152 /* Assets.xcassets in Resources */ = {isa = PBXBuildFile; fileRef = BEE17AA828D2845200637152 /* Assets.xcassets */; };
		BEE17AAC28D2845200637152 /* LaunchScreen.storyboard in Resources */ = {isa = PBXBuildFile; fileRef = BEE17AAA28D2845200637152 /* LaunchScreen.storyboard */; };
		BEE17AB728D2845200637152 /* flix_iosTests.swift in Sources */ = {isa = PBXBuildFile; fileRef = BEE17AB628D2845200637152 /* flix_iosTests.swift */; };
		BEE17AC128D2845200637152 /* flix_iosUITests.swift in Sources */ = {isa = PBXBuildFile; fileRef = BEE17AC028D2845200637152 /* flix_iosUITests.swift */; };
		BEE17AC328D2845200637152 /* flix_iosUITestsLaunchTests.swift in Sources */ = {isa = PBXBuildFile; fileRef = BEE17AC228D2845200637152 /* flix_iosUITestsLaunchTests.swift */; };
/* End PBXBuildFile section */

/* Begin PBXContainerItemProxy section */
		BEE17AB328D2845200637152 /* PBXContainerItemProxy */ = {
			isa = PBXContainerItemProxy;
			containerPortal = BEE17A9428D2845100637152 /* Project object */;
			proxyType = 1;
			remoteGlobalIDString = BEE17A9B28D2845100637152;
			remoteInfo = flix_ios;
		};
		BEE17ABD28D2845200637152 /* PBXContainerItemProxy */ = {
			isa = PBXContainerItemProxy;
			containerPortal = BEE17A9428D2845100637152 /* Project object */;
			proxyType = 1;
			remoteGlobalIDString = BEE17A9B28D2845100637152;
			remoteInfo = flix_ios;
		};
/* End PBXContainerItemProxy section */

/* Begin PBXFileReference section */
		BEE17A9C28D2845100637152 /* flix_ios.app */ = {isa = PBXFileReference; explicitFileType = wrapper.application; includeInIndex = 0; path = flix_ios.app; sourceTree = BUILT_PRODUCTS_DIR; };
		BEE17A9F28D2845100637152 /* AppDelegate.swift */ = {isa = PBXFileReference; lastKnownFileType = sourcecode.swift; path = AppDelegate.swift; sourceTree = "<group>"; };
		BEE17AA128D2845100637152 /* SceneDelegate.swift */ = {isa = PBXFileReference; lastKnownFileType = sourcecode.swift; path = SceneDelegate.swift; sourceTree = "<group>"; };
		BEE17AA328D2845100637152 /* ViewController.swift */ = {isa = PBXFileReference; lastKnownFileType = sourcecode.swift; path = ViewController.swift; sourceTree = "<group>"; };
		BEE17AA628D2845100637152 /* Base */ = {isa = PBXFileReference; lastKnownFileType = file.storyboard; name = Base; path = Base.lproj/Main.storyboard; sourceTree = "<group>"; };
		BEE17AA828D2845200637152 /* Assets.xcassets */ = {isa = PBXFileReference; lastKnownFileType = folder.assetcatalog; path = Assets.xcassets; sourceTree = "<group>"; };
		BEE17AAB28D2845200637152 /* Base */ = {isa = PBXFileReference; lastKnownFileType = file.storyboard; name = Base; path = Base.lproj/LaunchScreen.storyboard; sourceTree = "<group>"; };
		BEE17AAD28D2845200637152 /* Info.plist */ = {isa = PBXFileReference; lastKnownFileType = text.plist.xml; path = Info.plist; sourceTree = "<group>"; };
		BEE17AB228D2845200637152 /* flix_iosTests.xctest */ = {isa = PBXFileReference; explicitFileType = wrapper.cfbundle; includeInIndex = 0; path = flix_iosTests.xctest; sourceTree = BUILT_PRODUCTS_DIR; };
		BEE17AB628D2845200637152 /* flix_iosTests.swift */ = {isa = PBXFileReference; lastKnownFileType = sourcecode.swift; path = flix_iosTests.swift; sourceTree = "<group>"; };
		BEE17ABC28D2845200637152 /* flix_iosUITests.xctest */ = {isa = PBXFileReference; explicitFileType = wrapper.cfbundle; includeInIndex = 0; path = flix_iosUITests.xctest; sourceTree = BUILT_PRODUCTS_DIR; };
		BEE17AC028D2845200637152 /* flix_iosUITests.swift */ = {isa = PBXFileReference; lastKnownFileType = sourcecode.swift; path = flix_iosUITests.swift; sourceTree = "<group>"; };
		BEE17AC228D2845200637152 /* flix_iosUITestsLaunchTests.swift */ = {isa = PBXFileReference; lastKnownFileType = sourcecode.swift; path = flix_iosUITestsLaunchTests.swift; sourceTree = "<group>"; };
/* End PBXFileReference section */

/* Begin PBXFrameworksBuildPhase section */
		BEE17A9928D2845100637152 /* Frameworks */ = {
			isa = PBXFrameworksBuildPhase;
			buildActionMask = 2147483647;
			files = (
			);
			runOnlyForDeploymentPostprocessing = 0;
		};
		BEE17AAF28D2845200637152 /* Frameworks */ = {
			isa = PBXFrameworksBuildPhase;
			buildActionMask = 2147483647;
			files = (
			);
			runOnlyForDeploymentPostprocessing = 0;
		};
		BEE17AB928D2845200637152 /* Frameworks */ = {
			isa = PBXFrameworksBuildPhase;
			buildActionMask = 2147483647;
			files = (
			);
			runOnlyForDeploymentPostprocessing = 0;
		};
/* End PBXFrameworksBuildPhase section */

/* Begin PBXGroup section */
		BEE17A9328D2845100637152 = {
			isa = PBXGroup;
			children = (
				BEE17A9E28D2845100637152 /* flix_ios */,
				BEE17AB528D2845200637152 /* flix_iosTests */,
				BEE17ABF28D2845200637152 /* flix_iosUITests */,
				BEE17A9D28D2845100637152 /* Products */,
			);
			sourceTree = "<group>";
		};
		BEE17A9D28D2845100637152 /* Products */ = {
			isa = PBXGroup;
			children = (
				BEE17A9C28D2845100637152 /* flix_ios.app */,
				BEE17AB228D2845200637152 /* flix_iosTests.xctest */,
				BEE17ABC28D2845200637152 /* flix_iosUITests.xctest */,
			);
			name = Products;
			sourceTree = "<group>";
		};
		BEE17A9E28D2845100637152 /* flix_ios */ = {
			isa = PBXGroup;
			children = (
				BEE17A9F28D2845100637152 /* AppDelegate.swift */,
				BEE17AA128D2845100637152 /* SceneDelegate.swift */,
				BEE17AA328D2845100637152 /* ViewController.swift */,
				BEE17AA528D2845100637152 /* Main.storyboard */,
				BEE17AA828D2845200637152 /* Assets.xcassets */,
				BEE17AAA28D2845200637152 /* LaunchScreen.storyboard */,
				BEE17AAD28D2845200637152 /* Info.plist */,
			);
			path = flix_ios;
			sourceTree = "<group>";
		};
		BEE17AB528D2845200637152 /* flix_iosTests */ = {
			isa = PBXGroup;
			children = (
				BEE17AB628D2845200637152 /* flix_iosTests.swift */,
			);
			path = flix_iosTests;
			sourceTree = "<group>";
		};
		BEE17ABF28D2845200637152 /* flix_iosUITests */ = {
			isa = PBXGroup;
			children = (
				BEE17AC028D2845200637152 /* flix_iosUITests.swift */,
				BEE17AC228D2845200637152 /* flix_iosUITestsLaunchTests.swift */,
			);
			path = flix_iosUITests;
			sourceTree = "<group>";
		};
/* End PBXGroup section */

/* Begin PBXNativeTarget section */
		BEE17A9B28D2845100637152 /* flix_ios */ = {
			isa = PBXNativeTarget;
			buildConfigurationList = BEE17AC628D2845200637152 /* Build configuration list for PBXNativeTarget "flix_ios" */;
			buildPhases = (
				BEE17A9828D2845100637152 /* Sources */,
				BEE17A9928D2845100637152 /* Frameworks */,
				BEE17A9A28D2845100637152 /* Resources */,
			);
			buildRules = (
			);
			dependencies = (
			);
			name = flix_ios;
			productName = flix_ios;
			productReference = BEE17A9C28D2845100637152 /* flix_ios.app */;
			productType = "com.apple.product-type.application";
		};
		BEE17AB128D2845200637152 /* flix_iosTests */ = {
			isa = PBXNativeTarget;
			buildConfigurationList = BEE17AC928D2845200637152 /* Build configuration list for PBXNativeTarget "flix_iosTests" */;
			buildPhases = (
				BEE17AAE28D2845200637152 /* Sources */,
				BEE17AAF28D2845200637152 /* Frameworks */,
				BEE17AB028D2845200637152 /* Resources */,
			);
			buildRules = (
			);
			dependencies = (
				BEE17AB428D2845200637152 /* PBXTargetDependency */,
			);
			name = flix_iosTests;
			productName = flix_iosTests;
			productReference = BEE17AB228D2845200637152 /* flix_iosTests.xctest */;
			productType = "com.apple.product-type.bundle.unit-test";
		};
		BEE17ABB28D2845200637152 /* flix_iosUITests */ = {
			isa = PBXNativeTarget;
			buildConfigurationList = BEE17ACC28D2845200637152 /* Build configuration list for PBXNativeTarget "flix_iosUITests" */;
			buildPhases = (
				BEE17AB828D2845200637152 /* Sources */,
				BEE17AB928D2845200637152 /* Frameworks */,
				BEE17ABA28D2845200637152 /* Resources */,
			);
			buildRules = (
			);
			dependencies = (
				BEE17ABE28D2845200637152 /* PBXTargetDependency */,
			);
			name = flix_iosUITests;
			productName = flix_iosUITests;
			productReference = BEE17ABC28D2845200637152 /* flix_iosUITests.xctest */;
			productType = "com.apple.product-type.bundle.ui-testing";
		};
/* End PBXNativeTarget section */

/* Begin PBXProject section */
		BEE17A9428D2845100637152 /* Project object */ = {
			isa = PBXProject;
			attributes = {
				BuildIndependentTargetsInParallel = 1;
				LastSwiftUpdateCheck = 1340;
				LastUpgradeCheck = 1340;
				TargetAttributes = {
					BEE17A9B28D2845100637152 = {
						CreatedOnToolsVersion = 13.4.1;
					};
					BEE17AB128D2845200637152 = {
						CreatedOnToolsVersion = 13.4.1;
						TestTargetID = BEE17A9B28D2845100637152;
					};
					BEE17ABB28D2845200637152 = {
						CreatedOnToolsVersion = 13.4.1;
						TestTargetID = BEE17A9B28D2845100637152;
					};
				};
			};
			buildConfigurationList = BEE17A9728D2845100637152 /* Build configuration list for PBXProject "flix_ios" */;
			compatibilityVersion = "Xcode 13.0";
			developmentRegion = en;
			hasScannedForEncodings = 0;
			knownRegions = (
				en,
				Base,
			);
			mainGroup = BEE17A9328D2845100637152;
			productRefGroup = BEE17A9D28D2845100637152 /* Products */;
			projectDirPath = "";
			projectRoot = "";
			targets = (
				BEE17A9B28D2845100637152 /* flix_ios */,
				BEE17AB128D2845200637152 /* flix_iosTests */,
				BEE17ABB28D2845200637152 /* flix_iosUITests */,
			);
		};
/* End PBXProject section */

/* Begin PBXResourcesBuildPhase section */
		BEE17A9A28D2845100637152 /* Resources */ = {
			isa = PBXResourcesBuildPhase;
			buildActionMask = 2147483647;
			files = (
				BEE17AAC28D2845200637152 /* LaunchScreen.storyboard in Resources */,
				BEE17AA928D2845200637152 /* Assets.xcassets in Resources */,
				BEE17AA728D2845100637152 /* Main.storyboard in Resources */,
			);
			runOnlyForDeploymentPostprocessing = 0;
		};
		BEE17AB028D2845200637152 /* Resources */ = {
			isa = PBXResourcesBuildPhase;
			buildActionMask = 2147483647;
			files = (
			);
			runOnlyForDeploymentPostprocessing = 0;
		};
		BEE17ABA28D2845200637152 /* Resources */ = {
			isa = PBXResourcesBuildPhase;
			buildActionMask = 2147483647;
			files = (
			);
			runOnlyForDeploymentPostprocessing = 0;
		};
/* End PBXResourcesBuildPhase section */

/* Begin PBXSourcesBuildPhase section */
		BEE17A9828D2845100637152 /* Sources */ = {
			isa = PBXSourcesBuildPhase;
			buildActionMask = 2147483647;
			files = (
				BEE17AA428D2845100637152 /* ViewController.swift in Sources */,
				BEE17AA028D2845100637152 /* AppDelegate.swift in Sources */,
				BEE17AA228D2845100637152 /* SceneDelegate.swift in Sources */,
			);
			runOnlyForDeploymentPostprocessing = 0;
		};
		BEE17AAE28D2845200637152 /* Sources */ = {
			isa = PBXSourcesBuildPhase;
			buildActionMask = 2147483647;
			files = (
				BEE17AB728D2845200637152 /* flix_iosTests.swift in Sources */,
			);
			runOnlyForDeploymentPostprocessing = 0;
		};
		BEE17AB828D2845200637152 /* Sources */ = {
			isa = PBXSourcesBuildPhase;
			buildActionMask = 2147483647;
			files = (
				BEE17AC328D2845200637152 /* flix_iosUITestsLaunchTests.swift in Sources */,
				BEE17AC128D2845200637152 /* flix_iosUITests.swift in Sources */,
			);
			runOnlyForDeploymentPostprocessing = 0;
		};
/* End PBXSourcesBuildPhase section */

/* Begin PBXTargetDependency section */
		BEE17AB428D2845200637152 /* PBXTargetDependency */ = {
			isa = PBXTargetDependency;
			target = BEE17A9B28D2845100637152 /* flix_ios */;
			targetProxy = BEE17AB328D2845200637152 /* PBXContainerItemProxy */;
		};
		BEE17ABE28D2845200637152 /* PBXTargetDependency */ = {
			isa = PBXTargetDependency;
			target = BEE17A9B28D2845100637152 /* flix_ios */;
			targetProxy = BEE17ABD28D2845200637152 /* PBXContainerItemProxy */;
		};
/* End PBXTargetDependency section */

/* Begin PBXVariantGroup section */
		BEE17AA528D2845100637152 /* Main.storyboard */ = {
			isa = PBXVariantGroup;
			children = (
				BEE17AA628D2845100637152 /* Base */,
			);
			name = Main.storyboard;
			sourceTree = "<group>";
		};
		BEE17AAA28D2845200637152 /* LaunchScreen.storyboard */ = {
			isa = PBXVariantGroup;
			children = (
				BEE17AAB28D2845200637152 /* Base */,
			);
			name = LaunchScreen.storyboard;
			sourceTree = "<group>";
		};
/* End PBXVariantGroup section */

/* Begin XCBuildConfiguration section */
		BEE17AC428D2845200637152 /* Debug */ = {
			isa = XCBuildConfiguration;
			buildSettings = {
				ALWAYS_SEARCH_USER_PATHS = NO;
				CLANG_ANALYZER_NONNULL = YES;
				CLANG_ANALYZER_NUMBER_OBJECT_CONVERSION = YES_AGGRESSIVE;
				CLANG_CXX_LANGUAGE_STANDARD = "gnu++17";
				CLANG_ENABLE_MODULES = YES;
				CLANG_ENABLE_OBJC_ARC = YES;
				CLANG_ENABLE_OBJC_WEAK = YES;
				CLANG_WARN_BLOCK_CAPTURE_AUTORELEASING = YES;
				CLANG_WARN_BOOL_CONVERSION = YES;
				CLANG_WARN_COMMA = YES;
				CLANG_WARN_CONSTANT_CONVERSION = YES;
				CLANG_WARN_DEPRECATED_OBJC_IMPLEMENTATIONS = YES;
				CLANG_WARN_DIRECT_OBJC_ISA_USAGE = YES_ERROR;
				CLANG_WARN_DOCUMENTATION_COMMENTS = YES;
				CLANG_WARN_EMPTY_BODY = YES;
				CLANG_WARN_ENUM_CONVERSION = YES;
				CLANG_WARN_INFINITE_RECURSION = YES;
				CLANG_WARN_INT_CONVERSION = YES;
				CLANG_WARN_NON_LITERAL_NULL_CONVERSION = YES;
				CLANG_WARN_OBJC_IMPLICIT_RETAIN_SELF = YES;
				CLANG_WARN_OBJC_LITERAL_CONVERSION = YES;
				CLANG_WARN_OBJC_ROOT_CLASS = YES_ERROR;
				CLANG_WARN_QUOTED_INCLUDE_IN_FRAMEWORK_HEADER = YES;
				CLANG_WARN_RANGE_LOOP_ANALYSIS = YES;
				CLANG_WARN_STRICT_PROTOTYPES = YES;
				CLANG_WARN_SUSPICIOUS_MOVE = YES;
				CLANG_WARN_UNGUARDED_AVAILABILITY = YES_AGGRESSIVE;
				CLANG_WARN_UNREACHABLE_CODE = YES;
				CLANG_WARN__DUPLICATE_METHOD_MATCH = YES;
				COPY_PHASE_STRIP = NO;
				DEBUG_INFORMATION_FORMAT = dwarf;
				ENABLE_STRICT_OBJC_MSGSEND = YES;
				ENABLE_TESTABILITY = YES;
				GCC_C_LANGUAGE_STANDARD = gnu11;
				GCC_DYNAMIC_NO_PIC = NO;
				GCC_NO_COMMON_BLOCKS = YES;
				GCC_OPTIMIZATION_LEVEL = 0;
				GCC_PREPROCESSOR_DEFINITIONS = (
					"DEBUG=1",
					"$(inherited)",
				);
				GCC_WARN_64_TO_32_BIT_CONVERSION = YES;
				GCC_WARN_ABOUT_RETURN_TYPE = YES_ERROR;
				GCC_WARN_UNDECLARED_SELECTOR = YES;
				GCC_WARN_UNINITIALIZED_AUTOS = YES_AGGRESSIVE;
				GCC_WARN_UNUSED_FUNCTION = YES;
				GCC_WARN_UNUSED_VARIABLE = YES;
				IPHONEOS_DEPLOYMENT_TARGET = 15.5;
				MTL_ENABLE_DEBUG_INFO = INCLUDE_SOURCE;
				MTL_FAST_MATH = YES;
				ONLY_ACTIVE_ARCH = YES;
				SDKROOT = iphoneos;
				SWIFT_ACTIVE_COMPILATION_CONDITIONS = DEBUG;
				SWIFT_OPTIMIZATION_LEVEL = "-Onone";
			};
			name = Debug;
		};
		BEE17AC528D2845200637152 /* Release */ = {
			isa = XCBuildConfiguration;
			buildSettings = {
				ALWAYS_SEARCH_USER_PATHS = NO;
				CLANG_ANALYZER_NONNULL = YES;
				CLANG_ANALYZER_NUMBER_OBJECT_CONVERSION = YES_AGGRESSIVE;
				CLANG_CXX_LANGUAGE_STANDARD = "gnu++17";
				CLANG_ENABLE_MODULES = YES;
				CLANG_ENABLE_OBJC_ARC = YES;
				CLANG_ENABLE_OBJC_WEAK = YES;
				CLANG_WARN_BLOCK_CAPTURE_AUTORELEASING = YES;
				CLANG_WARN_BOOL_CONVERSION = YES;
				CLANG_WARN_COMMA = YES;
				CLANG_WARN_CONSTANT_CONVERSION = YES;
				CLANG_WARN_DEPRECATED_OBJC_IMPLEMENTATIONS = YES;
				CLANG_WARN_DIRECT_OBJC_ISA_USAGE = YES_ERROR;
				CLANG_WARN_DOCUMENTATION_COMMENTS = YES;
				CLANG_WARN_EMPTY_BODY = YES;
				CLANG_WARN_ENUM_CONVERSION = YES;
				CLANG_WARN_INFINITE_RECURSION = YES;
				CLANG_WARN_INT_CONVERSION = YES;
				CLANG_WARN_NON_LITERAL_NULL_CONVERSION = YES;
				CLANG_WARN_OBJC_IMPLICIT_RETAIN_SELF = YES;
				CLANG_WARN_OBJC_LITERAL_CONVERSION = YES;
				CLANG_WARN_OBJC_ROOT_CLASS = YES_ERROR;
				CLANG_WARN_QUOTED_INCLUDE_IN_FRAMEWORK_HEADER = YES;
				CLANG_WARN_RANGE_LOOP_ANALYSIS = YES;
				CLANG_WARN_STRICT_PROTOTYPES = YES;
				CLANG_WARN_SUSPICIOUS_MOVE = YES;
				CLANG_WARN_UNGUARDED_AVAILABILITY = YES_AGGRESSIVE;
				CLANG_WARN_UNREACHABLE_CODE = YES;
				CLANG_WARN__DUPLICATE_METHOD_MATCH = YES;
				COPY_PHASE_STRIP = NO;
				DEBUG_INFORMATION_FORMAT = "dwarf-with-dsym";
				ENABLE_NS_ASSERTIONS = NO;
				ENABLE_STRICT_OBJC_MSGSEND = YES;
				GCC_C_LANGUAGE_STANDARD = gnu11;
				GCC_NO_COMMON_BLOCKS = YES;
				GCC_WARN_64_TO_32_BIT_CONVERSION = YES;
				GCC_WARN_ABOUT_RETURN_TYPE = YES_ERROR;
				GCC_WARN_UNDECLARED_SELECTOR = YES;
				GCC_WARN_UNINITIALIZED_AUTOS = YES_AGGRESSIVE;
				GCC_WARN_UNUSED_FUNCTION = YES;
				GCC_WARN_UNUSED_VARIABLE = YES;
				IPHONEOS_DEPLOYMENT_TARGET = 15.5;
				MTL_ENABLE_DEBUG_INFO = NO;
				MTL_FAST_MATH = YES;
				SDKROOT = iphoneos;
				SWIFT_COMPILATION_MODE = wholemodule;
				SWIFT_OPTIMIZATION_LEVEL = "-O";
				VALIDATE_PRODUCT = YES;
			};
			name = Release;
		};
		BEE17AC728D2845200637152 /* Debug */ = {
			isa = XCBuildConfiguration;
			buildSettings = {
				ASSETCATALOG_COMPILER_APPICON_NAME = AppIcon;
				ASSETCATALOG_COMPILER_GLOBAL_ACCENT_COLOR_NAME = AccentColor;
				CODE_SIGN_STYLE = Automatic;
				CURRENT_PROJECT_VERSION = 1;
				GENERATE_INFOPLIST_FILE = YES;
				INFOPLIST_FILE = flix_ios/Info.plist;
				INFOPLIST_KEY_UIApplicationSupportsIndirectInputEvents = YES;
				INFOPLIST_KEY_UILaunchStoryboardName = LaunchScreen;
				INFOPLIST_KEY_UIMainStoryboardFile = Main;
				INFOPLIST_KEY_UISupportedInterfaceOrientations_iPad = "UIInterfaceOrientationPortrait UIInterfaceOrientationPortraitUpsideDown UIInterfaceOrientationLandscapeLeft UIInterfaceOrientationLandscapeRight";
				INFOPLIST_KEY_UISupportedInterfaceOrientations_iPhone = "UIInterfaceOrientationPortrait UIInterfaceOrientationLandscapeLeft UIInterfaceOrientationLandscapeRight";
				LD_RUNPATH_SEARCH_PATHS = (
					"$(inherited)",
					"@executable_path/Frameworks",
				);
				MARKETING_VERSION = 1.0;
				PRODUCT_BUNDLE_IDENTIFIER = "com.gulshanmeem.flix-ios";
				PRODUCT_NAME = "$(TARGET_NAME)";
				SWIFT_EMIT_LOC_STRINGS = YES;
				SWIFT_VERSION = 5.0;
				TARGETED_DEVICE_FAMILY = "1,2";
			};
			name = Debug;
		};
		BEE17AC828D2845200637152 /* Release */ = {
			isa = XCBuildConfiguration;
			buildSettings = {
				ASSETCATALOG_COMPILER_APPICON_NAME = AppIcon;
				ASSETCATALOG_COMPILER_GLOBAL_ACCENT_COLOR_NAME = AccentColor;
				CODE_SIGN_STYLE = Automatic;
				CURRENT_PROJECT_VERSION = 1;
				GENERATE_INFOPLIST_FILE = YES;
				INFOPLIST_FILE = flix_ios/Info.plist;
				INFOPLIST_KEY_UIApplicationSupportsIndirectInputEvents = YES;
				INFOPLIST_KEY_UILaunchStoryboardName = LaunchScreen;
				INFOPLIST_KEY_UIMainStoryboardFile = Main;
				INFOPLIST_KEY_UISupportedInterfaceOrientations_iPad = "UIInterfaceOrientationPortrait UIInterfaceOrientationPortraitUpsideDown UIInterfaceOrientationLandscapeLeft UIInterfaceOrientationLandscapeRight";
				INFOPLIST_KEY_UISupportedInterfaceOrientations_iPhone = "UIInterfaceOrientationPortrait UIInterfaceOrientationLandscapeLeft UIInterfaceOrientationLandscapeRight";
				LD_RUNPATH_SEARCH_PATHS = (
					"$(inherited)",
					"@executable_path/Frameworks",
				);
				MARKETING_VERSION = 1.0;
				PRODUCT_BUNDLE_IDENTIFIER = "com.gulshanmeem.flix-ios";
				PRODUCT_NAME = "$(TARGET_NAME)";
				SWIFT_EMIT_LOC_STRINGS = YES;
				SWIFT_VERSION = 5.0;
				TARGETED_DEVICE_FAMILY = "1,2";
			};
			name = Release;
		};
		BEE17ACA28D2845200637152 /* Debug */ = {
			isa = XCBuildConfiguration;
			buildSettings = {
				ALWAYS_EMBED_SWIFT_STANDARD_LIBRARIES = YES;
				BUNDLE_LOADER = "$(TEST_HOST)";
				CODE_SIGN_STYLE = Automatic;
				CURRENT_PROJECT_VERSION = 1;
				GENERATE_INFOPLIST_FILE = YES;
				IPHONEOS_DEPLOYMENT_TARGET = 15.5;
				MARKETING_VERSION = 1.0;
				PRODUCT_BUNDLE_IDENTIFIER = "com.gulshanmeem.flix-iosTests";
				PRODUCT_NAME = "$(TARGET_NAME)";
				SWIFT_EMIT_LOC_STRINGS = NO;
				SWIFT_VERSION = 5.0;
				TARGETED_DEVICE_FAMILY = "1,2";
				TEST_HOST = "$(BUILT_PRODUCTS_DIR)/flix_ios.app/flix_ios";
			};
			name = Debug;
		};
		BEE17ACB28D2845200637152 /* Release */ = {
			isa = XCBuildConfiguration;
			buildSettings = {
				ALWAYS_EMBED_SWIFT_STANDARD_LIBRARIES = YES;
				BUNDLE_LOADER = "$(TEST_HOST)";
				CODE_SIGN_STYLE = Automatic;
				CURRENT_PROJECT_VERSION = 1;
				GENERATE_INFOPLIST_FILE = YES;
				IPHONEOS_DEPLOYMENT_TARGET = 15.5;
				MARKETING_VERSION = 1.0;
				PRODUCT_BUNDLE_IDENTIFIER = "com.gulshanmeem.flix-iosTests";
				PRODUCT_NAME = "$(TARGET_NAME)";
				SWIFT_EMIT_LOC_STRINGS = NO;
				SWIFT_VERSION = 5.0;
				TARGETED_DEVICE_FAMILY = "1,2";
				TEST_HOST = "$(BUILT_PRODUCTS_DIR)/flix_ios.app/flix_ios";
			};
			name = Release;
		};
		BEE17ACD28D2845200637152 /* Debug */ = {
			isa = XCBuildConfiguration;
			buildSettings = {
				ALWAYS_EMBED_SWIFT_STANDARD_LIBRARIES = YES;
				CODE_SIGN_STYLE = Automatic;
				CURRENT_PROJECT_VERSION = 1;
				GENERATE_INFOPLIST_FILE = YES;
				MARKETING_VERSION = 1.0;
				PRODUCT_BUNDLE_IDENTIFIER = "com.gulshanmeem.flix-iosUITests";
				PRODUCT_NAME = "$(TARGET_NAME)";
				SWIFT_EMIT_LOC_STRINGS = NO;
				SWIFT_VERSION = 5.0;
				TARGETED_DEVICE_FAMILY = "1,2";
				TEST_TARGET_NAME = flix_ios;
			};
			name = Debug;
		};
		BEE17ACE28D2845200637152 /* Release */ = {
			isa = XCBuildConfiguration;
			buildSettings = {
				ALWAYS_EMBED_SWIFT_STANDARD_LIBRARIES = YES;
				CODE_SIGN_STYLE = Automatic;
				CURRENT_PROJECT_VERSION = 1;
				GENERATE_INFOPLIST_FILE = YES;
				MARKETING_VERSION = 1.0;
				PRODUCT_BUNDLE_IDENTIFIER = "com.gulshanmeem.flix-iosUITests";
				PRODUCT_NAME = "$(TARGET_NAME)";
				SWIFT_EMIT_LOC_STRINGS = NO;
				SWIFT_VERSION = 5.0;
				TARGETED_DEVICE_FAMILY = "1,2";
				TEST_TARGET_NAME = flix_ios;
			};
			name = Release;
		};
/* End XCBuildConfiguration section */

/* Begin XCConfigurationList section */
		BEE17A9728D2845100637152 /* Build configuration list for PBXProject "flix_ios" */ = {
			isa = XCConfigurationList;
			buildConfigurations = (
				BEE17AC428D2845200637152 /* Debug */,
				BEE17AC528D2845200637152 /* Release */,
			);
			defaultConfigurationIsVisible = 0;
			defaultConfigurationName = Release;
		};
		BEE17AC628D2845200637152 /* Build configuration list for PBXNativeTarget "flix_ios" */ = {
			isa = XCConfigurationList;
			buildConfigurations = (
				BEE17AC728D2845200637152 /* Debug */,
				BEE17AC828D2845200637152 /* Release */,
			);
			defaultConfigurationIsVisible = 0;
			defaultConfigurationName = Release;
		};
		BEE17AC928D2845200637152 /* Build configuration list for PBXNativeTarget "flix_iosTests" */ = {
			isa = XCConfigurationList;
			buildConfigurations = (
				BEE17ACA28D2845200637152 /* Debug */,
				BEE17ACB28D2845200637152 /* Release */,
			);
			defaultConfigurationIsVisible = 0;
			defaultConfigurationName = Release;
		};
		BEE17ACC28D2845200637152 /* Build configuration list for PBXNativeTarget "flix_iosUITests" */ = {
			isa = XCConfigurationList;
			buildConfigurations = (
				BEE17ACD28D2845200637152 /* Debug */,
				BEE17ACE28D2845200637152 /* Release */,
			);
			defaultConfigurationIsVisible = 0;
			defaultConfigurationName = Release;
		};
/* End XCConfigurationList section */
	};
	rootObject = BEE17A9428D2845100637152 /* Project object */;
}
